
Microsoft Visual Studio Solution File, Format Version 12.00
# Visual Studio Version 17
VisualStudioVersion = 17.4.33403.182
MinimumVisualStudioVersion = 10.0.40219.1
Project("{FAE04EC0-301F-11D3-BF4B-00C04F79EFBC}") = "GraphApp", "GraphApp.csproj", "{775D1245-4253-4EB5-BE85-47BBB0A7885A}"
EndProject
Global
	GlobalSection(SolutionConfigurationPlatforms) = preSolution
		Debug|Any CPU = Debug|Any CPU
		Release|Any CPU = Release|Any CPU
	EndGlobalSection
	GlobalSection(ProjectConfigurationPlatforms) = postSolution
		{775D1245-4253-4EB5-BE85-47BBB0A7885A}.Debug|Any CPU.ActiveCfg = Debug|Any CPU
		{775D1245-4253-4EB5-BE85-47BBB0A7885A}.Debug|Any CPU.Build.0 = Debug|Any CPU
		{775D1245-4253-4EB5-BE85-47BBB0A7885A}.Release|Any CPU.ActiveCfg = Release|Any CPU
		{775D1245-4253-4EB5-BE85-47BBB0A7885A}.Release|Any CPU.Build.0 = Release|Any CPU
	EndGlobalSection
	GlobalSection(SolutionProperties) = preSolution
		HideSolutionNode = FALSE
	EndGlobalSection
	GlobalSection(ExtensibilityGlobals) = postSolution
		SolutionGuid = {CE62D7F6-DDDE-4F8E-BF67-CBE7D4C4C143}
	EndGlobalSection
EndGlobal
